<?xml version="1.0" encoding="utf-8"?>
<Project ToolsVersion="4.0" xmlns="http://schemas.microsoft.com/developer/msbuild/2003">
  <ItemGroup>
    <Filter Include="src">
      <UniqueIdentifier>{2a0fea37-20c8-4b45-b724-3738d7425562}</UniqueIdentifier>
    </Filter>
  </ItemGroup>
  <ItemGroup>
    <ClCompile Include="Sandbox.cpp">
      <Filter>src</Filter>
    </ClCompile>
  </ItemGroup>
</Project>